
Microsoft Visual Studio Solution File, Format Version 12.00
# Visual Studio 15
VisualStudioVersion = 15.0.28010.2026
MinimumVisualStudioVersion = 10.0.40219.1
Project("{FAE04EC0-301F-11D3-BF4B-00C04F79EFBC}") = "CustomerService", "CustomerService\CustomerService.csproj", "{71A679F7-D108-4064-BCDA-BD8266BEC4AA}"
EndProject
Global
	GlobalSection(SolutionConfigurationPlatforms) = preSolution
		Debug|Any CPU = Debug|Any CPU
		Release|Any CPU = Release|Any CPU
	EndGlobalSection
	GlobalSection(ProjectConfigurationPlatforms) = postSolution
		{71A679F7-D108-4064-BCDA-BD8266BEC4AA}.Debug|Any CPU.ActiveCfg = Debug|Any CPU
		{71A679F7-D108-4064-BCDA-BD8266BEC4AA}.Debug|Any CPU.Build.0 = Debug|Any CPU
		{71A679F7-D108-4064-BCDA-BD8266BEC4AA}.Release|Any CPU.ActiveCfg = Release|Any CPU
		{71A679F7-D108-4064-BCDA-BD8266BEC4AA}.Release|Any CPU.Build.0 = Release|Any CPU
	EndGlobalSection
	GlobalSection(SolutionProperties) = preSolution
		HideSolutionNode = FALSE
	EndGlobalSection
	GlobalSection(ExtensibilityGlobals) = postSolution
		SolutionGuid = {35A780C6-FD74-4475-8D26-39F09D2A45DA}
	EndGlobalSection
EndGlobal
