
Microsoft Visual Studio Solution File, Format Version 12.00
# Visual Studio 15
VisualStudioVersion = 15.0.28010.2026
MinimumVisualStudioVersion = 10.0.40219.1
Project("{FAE04EC0-301F-11D3-BF4B-00C04F79EFBC}") = "HelloWorld", "HelloWorld\HelloWorld.csproj", "{EB60FA06-F6CB-45FE-8CD7-F5E96049C809}"
EndProject
Global
	GlobalSection(SolutionConfigurationPlatforms) = preSolution
		Debug|Any CPU = Debug|Any CPU
		Release|Any CPU = Release|Any CPU
	EndGlobalSection
	GlobalSection(ProjectConfigurationPlatforms) = postSolution
		{EB60FA06-F6CB-45FE-8CD7-F5E96049C809}.Debug|Any CPU.ActiveCfg = Debug|Any CPU
		{EB60FA06-F6CB-45FE-8CD7-F5E96049C809}.Debug|Any CPU.Build.0 = Debug|Any CPU
		{EB60FA06-F6CB-45FE-8CD7-F5E96049C809}.Release|Any CPU.ActiveCfg = Release|Any CPU
		{EB60FA06-F6CB-45FE-8CD7-F5E96049C809}.Release|Any CPU.Build.0 = Release|Any CPU
	EndGlobalSection
	GlobalSection(SolutionProperties) = preSolution
		HideSolutionNode = FALSE
	EndGlobalSection
	GlobalSection(ExtensibilityGlobals) = postSolution
		SolutionGuid = {0AE95761-8EE4-42D9-AB8D-3A8D46EF2CAE}
	EndGlobalSection
EndGlobal
